version: 7
platforms:
- name: win-64
  virtual-packages:
  - __win=10.0
  - __archspec=0=x86_64
environments:
  default:
    channels:
    - url: https://conda.anaconda.org/conda-forge/
    packages:
      win-64:
      - conda: https://conda.anaconda.org/conda-forge/win-64/_openmp_mutex-4.5-20_gnu.conda
      - conda: https://conda.anaconda.org/conda-forge/win-64/libgcc-16.2.0-h110b43a_7.conda
      - conda: https://conda.anaconda.org/conda-forge/win-64/libgomp-16.2.0-h8ee18e1_7.conda
      - conda: https://conda.anaconda.org/conda-forge/win-64/libwinpthread-12.0.0.r4.gg4f2fc60ca-h57928b3_10.conda
      - conda: https://conda.anaconda.org/conda-forge/win-64/make-4.4.1-hba3369d_3.conda
      - conda: https://conda.anaconda.org/conda-forge/win-64/ucrt-10.0.26100.0-h57928b3_0.conda
packages:
- conda: https://conda.anaconda.org/conda-forge/win-64/_openmp_mutex-4.5-20_gnu.conda
  build_number: 20
  sha256: 8a1cee28bd0ee7451ada1cd50b64720e57e17ff994fc62dd8329bef570d382e4
  md5: 1626967b574d1784b578b52eaeb071e7
  depends:
  - libgomp >=7.5.0
  - libwinpthread >=12.0.0.r4.gg4f2fc60ca
  constrains:
  - openmp_impl <0.0a0
  - msys2-conda-epoch <0.0a0
  license: BSD-3-Clause
  license_family: BSD
  run_exports:
    strong:
    - _openmp_mutex >=4.5
  size: 52252
  timestamp: 1770943776666
- conda: https://conda.anaconda.org/conda-forge/win-64/libgcc-16.2.0-h110b43a_7.conda
  sha256: 59feb6d16cba13a70f22dae70a44670eb2cc45e652e9a34a014814c2ca871132
  md5: bd1e0d06981ae43e35c1ebb50e268c59
  depends:
  - _openmp_mutex >=4.5
  - libwinpthread >=12.0.0.r4.gg4f2fc60ca
  constrains:
  - libgcc-ng ==16.2.0=*_7
  - libgomp 16.2.0 h8ee18e1_7
  - msys2-conda-epoch <0.0a0
  license: GPL-3.0-only WITH GCC-exception-3.1
  license_family: GPL
  run_exports: {}
  size: 826913
  timestamp: 1790304405241
- conda: https://conda.anaconda.org/conda-forge/win-64/libgomp-16.2.0-h8ee18e1_7.conda
  sha256: 4b8a747f047d069ccd2a6cf2f4fdbc6b0c0e4dcd840998d1fe607b8c234e707b
  md5: 1725e0c19dd2f01de09805536c4f3b51
  depends:
  - libwinpthread >=12.0.0.r4.gg4f2fc60ca
  constrains:
  - msys2-conda-epoch <0.0a0
  license: GPL-3.0-only WITH GCC-exception-3.1
  license_family: GPL
  run_exports:
    strong:
    - _openmp_mutex >=4.5
    - libgomp >=16.2.0
  size: 688609
  timestamp: 1790304345963
- conda: https://conda.anaconda.org/conda-forge/win-64/libwinpthread-12.0.0.r4.gg4f2fc60ca-h57928b3_10.conda
  sha256: 0fccf2d17026255b6e10ace1f191d0a2a18f2d65088fd02430be17c701f8ffe0
  md5: 8a86073cf3b343b87d03f41790d8b4e5
  depends:
  - ucrt
  constrains:
  - pthreads-win32 <0.0a0
  - msys2-conda-epoch <0.0a0
  license: MIT AND BSD-3-Clause-Clear
  run_exports: {}
  size: 36621
  timestamp: 1759768399557
- conda: https://conda.anaconda.org/conda-forge/win-64/make-4.4.1-hba3369d_3.conda
  sha256: 8b1a30f3e6442ed4c161e7aabab396ce35c61a3c235ece53edf2a78c95d18fed
  md5: 01f0e2393626438c79e4f167f853b304
  depends:
  - libgcc >=14
  - libwinpthread >=12.0.0.r4.gg4f2fc60ca
  - ucrt >=10.0.20348.0
  license: GPL-3.0-or-later
  license_family: GPL
  run_exports: {}
  size: 2207518
  timestamp: 1785879951361
- conda: https://conda.anaconda.org/conda-forge/win-64/ucrt-10.0.26100.0-h57928b3_0.conda
  sha256: 3005729dce6f3d3f5ec91dfc49fc75a0095f9cd23bab49efb899657297ac91a5
  md5: 71b24316859acd00bdb8b38f5e2ce328
  constrains:
  - vc14_runtime >=14.29.30037
  - vs2015_runtime >=14.29.30037
  license: LicenseRef-MicrosoftWindowsSDK10
  run_exports: {}
  size: 694692
  timestamp: 1756385147981
